
Microsoft Visual Studio Solution File, Format Version 12.00
# Visual Studio Version 17
VisualStudioVersion = 17.11.35312.102
MinimumVisualStudioVersion = 10.0.40219.1
Project("{FAE04EC0-301F-11D3-BF4B-00C04F79EFBC}") = "TurtleGUI", "TurtleGUI.csproj", "{45444EE5-D39C-4C51-8707-6E34C2130981}"
EndProject
Global
	GlobalSection(SolutionConfigurationPlatforms) = preSolution
		Debug|Any CPU = Debug|Any CPU
		Release|Any CPU = Release|Any CPU
	EndGlobalSection
	GlobalSection(ProjectConfigurationPlatforms) = postSolution
		{45444EE5-D39C-4C51-8707-6E34C2130981}.Debug|Any CPU.ActiveCfg = Debug|Any CPU
		{45444EE5-D39C-4C51-8707-6E34C2130981}.Debug|Any CPU.Build.0 = Debug|Any CPU
		{45444EE5-D39C-4C51-8707-6E34C2130981}.Release|Any CPU.ActiveCfg = Release|Any CPU
		{45444EE5-D39C-4C51-8707-6E34C2130981}.Release|Any CPU.Build.0 = Release|Any CPU
	EndGlobalSection
	GlobalSection(SolutionProperties) = preSolution
		HideSolutionNode = FALSE
	EndGlobalSection
	GlobalSection(ExtensibilityGlobals) = postSolution
		SolutionGuid = {7B1F8D25-6A4B-4F7F-B8FF-E6A38DB33DEA}
	EndGlobalSection
EndGlobal
